
Microsoft Visual Studio Solution File, Format Version 12.00
# Visual Studio Version 17
VisualStudioVersion = 17.1.32210.238
MinimumVisualStudioVersion = 10.0.40219.1
Project("{FAE04EC0-301F-11D3-BF4B-00C04F79EFBC}") = "MVCProjeKampi", "MVCProjeKampi\MVCProjeKampi.csproj", "{23E92224-D191-4086-B9D6-A76B932D2601}"
EndProject
Project("{FAE04EC0-301F-11D3-BF4B-00C04F79EFBC}") = "EntityLayer", "EntityLayer\EntityLayer.csproj", "{601AEC4E-7298-46DA-A180-FD3E45E43D72}"
EndProject
Project("{FAE04EC0-301F-11D3-BF4B-00C04F79EFBC}") = "BusinessLayer", "BusinessLayer\BusinessLayer.csproj", "{9416592D-E900-441C-A62C-F9CCA896FB55}"
EndProject
Project("{FAE04EC0-301F-11D3-BF4B-00C04F79EFBC}") = "DataAcessLayer", "DataAcessLayer\DataAcessLayer.csproj", "{6DDFC7CD-7BC2-4B0C-BB32-2D35609414B3}"
EndProject
Global
	GlobalSection(SolutionConfigurationPlatforms) = preSolution
		Debug|Any CPU = Debug|Any CPU
		Release|Any CPU = Release|Any CPU
	EndGlobalSection
	GlobalSection(ProjectConfigurationPlatforms) = postSolution
		{23E92224-D191-4086-B9D6-A76B932D2601}.Debug|Any CPU.ActiveCfg = Debug|Any CPU
		{23E92224-D191-4086-B9D6-A76B932D2601}.Debug|Any CPU.Build.0 = Debug|Any CPU
		{23E92224-D191-4086-B9D6-A76B932D2601}.Release|Any CPU.ActiveCfg = Release|Any CPU
		{23E92224-D191-4086-B9D6-A76B932D2601}.Release|Any CPU.Build.0 = Release|Any CPU
		{601AEC4E-7298-46DA-A180-FD3E45E43D72}.Debug|Any CPU.ActiveCfg = Debug|Any CPU
		{601AEC4E-7298-46DA-A180-FD3E45E43D72}.Debug|Any CPU.Build.0 = Debug|Any CPU
		{601AEC4E-7298-46DA-A180-FD3E45E43D72}.Release|Any CPU.ActiveCfg = Release|Any CPU
		{601AEC4E-7298-46DA-A180-FD3E45E43D72}.Release|Any CPU.Build.0 = Release|Any CPU
		{9416592D-E900-441C-A62C-F9CCA896FB55}.Debug|Any CPU.ActiveCfg = Debug|Any CPU
		{9416592D-E900-441C-A62C-F9CCA896FB55}.Debug|Any CPU.Build.0 = Debug|Any CPU
		{9416592D-E900-441C-A62C-F9CCA896FB55}.Release|Any CPU.ActiveCfg = Release|Any CPU
		{9416592D-E900-441C-A62C-F9CCA896FB55}.Release|Any CPU.Build.0 = Release|Any CPU
		{6DDFC7CD-7BC2-4B0C-BB32-2D35609414B3}.Debug|Any CPU.ActiveCfg = Debug|Any CPU
		{6DDFC7CD-7BC2-4B0C-BB32-2D35609414B3}.Debug|Any CPU.Build.0 = Debug|Any CPU
		{6DDFC7CD-7BC2-4B0C-BB32-2D35609414B3}.Release|Any CPU.ActiveCfg = Release|Any CPU
		{6DDFC7CD-7BC2-4B0C-BB32-2D35609414B3}.Release|Any CPU.Build.0 = Release|Any CPU
	EndGlobalSection
	GlobalSection(SolutionProperties) = preSolution
		HideSolutionNode = FALSE
	EndGlobalSection
	GlobalSection(ExtensibilityGlobals) = postSolution
		SolutionGuid = {6FBD3087-0984-4A77-8EC7-EDD0B9CF3453}
	EndGlobalSection
EndGlobal
